
Microsoft Visual Studio Solution File, Format Version 12.00
# Visual Studio Version 17
VisualStudioVersion = 17.13.35825.156 d17.13
MinimumVisualStudioVersion = 10.0.40219.1
Project("{FAE04EC0-301F-11D3-BF4B-00C04F79EFBC}") = "WhiteLagoon.Web", "WhiteLagoon.Web\WhiteLagoon.Web.csproj", "{4D6A8E4E-EEC5-40A3-84A3-01C43D3F4653}"
EndProject
Global
	GlobalSection(SolutionConfigurationPlatforms) = preSolution
		Debug|Any CPU = Debug|Any CPU
		Release|Any CPU = Release|Any CPU
	EndGlobalSection
	GlobalSection(ProjectConfigurationPlatforms) = postSolution
		{4D6A8E4E-EEC5-40A3-84A3-01C43D3F4653}.Debug|Any CPU.ActiveCfg = Debug|Any CPU
		{4D6A8E4E-EEC5-40A3-84A3-01C43D3F4653}.Debug|Any CPU.Build.0 = Debug|Any CPU
		{4D6A8E4E-EEC5-40A3-84A3-01C43D3F4653}.Release|Any CPU.ActiveCfg = Release|Any CPU
		{4D6A8E4E-EEC5-40A3-84A3-01C43D3F4653}.Release|Any CPU.Build.0 = Release|Any CPU
	EndGlobalSection
	GlobalSection(SolutionProperties) = preSolution
		HideSolutionNode = FALSE
	EndGlobalSection
	GlobalSection(ExtensibilityGlobals) = postSolution
		SolutionGuid = {64ED2CD6-CAC2-4657-B915-7B61DF961D82}
	EndGlobalSection
EndGlobal
